
Microsoft Visual Studio Solution File, Format Version 12.00
# Visual Studio Version 17
VisualStudioVersion = 17.0.31903.59
MinimumVisualStudioVersion = 10.0.40219.1
Project("{2150E333-8FDC-42A3-9474-1A3956D46DE8}") = "src", "src", "{E815BD78-837E-4F3F-AE59-91AFBFE2A897}"
EndProject
Project("{2150E333-8FDC-42A3-9474-1A3956D46DE8}") = "Services", "Services", "{ADD715CE-B84A-4182-89BE-800AF6D143A8}"
EndProject
Project("{2150E333-8FDC-42A3-9474-1A3956D46DE8}") = "BuildingBlocks", "BuildingBlocks", "{573AB0FC-414B-477E-A97A-22AE0B191520}"
EndProject
Project("{9A19103F-16F7-4668-BE54-9A1E7A4F7556}") = "Splitify.BuildingBlocks.Domain", "src\BuildingBlocks\Splitify.BuildingBlocks.Domain\Splitify.BuildingBlocks.Domain.csproj", "{D2B8ED19-65CB-4826-831A-B78A22E67A7B}"
EndProject
Project("{2150E333-8FDC-42A3-9474-1A3956D46DE8}") = "Redirect", "Redirect", "{E92869A2-9657-4FA9-AD58-E24F051B7D01}"
EndProject
Project("{9A19103F-16F7-4668-BE54-9A1E7A4F7556}") = "Splitify.Redirect.Domain", "src\Services\Redirect\Splitify.Redirect.Domain\Splitify.Redirect.Domain.csproj", "{376150E7-F105-4C62-91DD-7D848CD92AB5}"
EndProject
Project("{9A19103F-16F7-4668-BE54-9A1E7A4F7556}") = "Splitify.Redirect.UnitTests", "src\Services\Redirect\Splitify.Redirect.UnitTests\Splitify.Redirect.UnitTests.csproj", "{76769E07-7C23-48A9-A151-11AF13D9938B}"
EndProject
Project("{9A19103F-16F7-4668-BE54-9A1E7A4F7556}") = "Splitify.Redirect.Application", "src\Services\Redirect\Splitify.Redirect.Application\Splitify.Redirect.Application.csproj", "{3172D961-248D-461C-9264-68E2815EC0FE}"
EndProject
Project("{2150E333-8FDC-42A3-9474-1A3956D46DE8}") = "Shared", "Shared", "{833A4ED3-CF04-41AB-A9A3-2620B41A25F7}"
EndProject
Project("{9A19103F-16F7-4668-BE54-9A1E7A4F7556}") = "Splitify.Shared.Services", "src\Shared\Splitify.Shared.Services\Splitify.Shared.Services.csproj", "{931B5B98-B16C-4798-9AAE-9222D9FAF9F0}"
EndProject
Project("{9A19103F-16F7-4668-BE54-9A1E7A4F7556}") = "Splitify.Shared.Services.UnitTests", "src\Shared\Splitify.Shared.Services.UnitTests\Splitify.Shared.Services.UnitTests.csproj", "{F8F6BDE5-FEA6-4952-9866-3B69EC5AB4C2}"
EndProject
Project("{9A19103F-16F7-4668-BE54-9A1E7A4F7556}") = "Splitify.Redirect.Api", "src\Services\Redirect\Splitify.Redirect.Api\Splitify.Redirect.Api.csproj", "{20E1B506-A063-48DA-B520-4885F75C1FBB}"
EndProject
Project("{9A19103F-16F7-4668-BE54-9A1E7A4F7556}") = "Splitify.Shared.AspDotNet", "src\Shared\Splitify.Shared.AspDotNet\Splitify.Shared.AspDotNet.csproj", "{74736343-522F-4B7E-8328-A4551AA301B4}"
EndProject
Project("{9A19103F-16F7-4668-BE54-9A1E7A4F7556}") = "Splitify.Redirect.Infrastructure", "src\Services\Redirect\Splitify.Redirect.Infrastructure\Splitify.Redirect.Infrastructure.csproj", "{9EA1965F-BC90-4ADE-9D90-F4C26EEC09AF}"
EndProject
Project("{2150E333-8FDC-42A3-9474-1A3956D46DE8}") = "Campaign", "Campaign", "{81F68E31-CDBD-4D6C-8482-F1A556BECF57}"
EndProject
Project("{9A19103F-16F7-4668-BE54-9A1E7A4F7556}") = "Splitify.Campaign.Domain", "src\Services\Campaign\Splitify.Campaign.Domain\Splitify.Campaign.Domain.csproj", "{1325A594-F73D-44A4-BB7D-F9261A638F00}"
EndProject
Project("{9A19103F-16F7-4668-BE54-9A1E7A4F7556}") = "Splitify.Campaign.Application", "src\Services\Campaign\Splitify.Campaign.Application\Splitify.Campaign.Application.csproj", "{D12AF827-D80B-405D-8744-06FD3DB340F4}"
EndProject
Project("{9A19103F-16F7-4668-BE54-9A1E7A4F7556}") = "Splitify.Campaign.Infrastructure", "src\Services\Campaign\Splitify.Campaign.Infrastructure\Splitify.Campaign.Infrastructure.csproj", "{5781C164-AFF5-47A0-A4F3-82AD24517067}"
EndProject
Project("{9A19103F-16F7-4668-BE54-9A1E7A4F7556}") = "Splitify.Campaign.Api", "src\Services\Campaign\Splitify.Campaign.Api\Splitify.Campaign.Api.csproj", "{6F6883A4-6D61-4F90-B6DB-9A3386232030}"
EndProject
Project("{2150E333-8FDC-42A3-9474-1A3956D46DE8}") = "EventBus", "EventBus", "{67C0B27C-CE2F-4971-8A6A-AE59A9926BAD}"
EndProject
Project("{9A19103F-16F7-4668-BE54-9A1E7A4F7556}") = "Splitify.EventBus.MassTransit", "src\EventBus\Splitify.EventBus.MassTransit\Splitify.EventBus.MassTransit.csproj", "{48B66D7C-18D6-4AAE-BD80-7CB06BF625A0}"
EndProject
Project("{9A19103F-16F7-4668-BE54-9A1E7A4F7556}") = "Splitify.BuildingBlocks.EventBus", "src\BuildingBlocks\Splitify.BuildingBlocks.EventBus\Splitify.BuildingBlocks.EventBus.csproj", "{49E5F7A0-8CF4-4BDA-9573-EB03E560640F}"
EndProject
Project("{9A19103F-16F7-4668-BE54-9A1E7A4F7556}") = "Splitify.EventBus.Contracts", "src\EventBus\Splitify.EventBus.Contracts\Splitify.EventBus.Contracts.csproj", "{49A3290E-E322-4CF0-B6E2-0F7B5DBE362B}"
EndProject
Project("{2150E333-8FDC-42A3-9474-1A3956D46DE8}") = "Identity", "Identity", "{98FE3BB0-0762-42F8-9089-DDD303A509B8}"
EndProject
Project("{9A19103F-16F7-4668-BE54-9A1E7A4F7556}") = "Splitify.Identity.Domain", "src\Services\Identity\Splitify.Identity.Domain\Splitify.Identity.Domain.csproj", "{02BD0E6A-9EBD-4949-992F-6A6BAA316485}"
EndProject
Project("{9A19103F-16F7-4668-BE54-9A1E7A4F7556}") = "Splitify.Identity.Api", "src\Services\Identity\Splitify.Identity.Api\Splitify.Identity.Api.csproj", "{631DCEE5-4FC9-4029-BD20-C42F77B8B831}"
EndProject
Project("{9A19103F-16F7-4668-BE54-9A1E7A4F7556}") = "Splitify.Identity.Application", "src\Services\Identity\Splitify.Identity.Application\Splitify.Identity.Application.csproj", "{B9DCA7DD-7C94-4D1F-9B2C-1246732DA19C}"
EndProject
Project("{9A19103F-16F7-4668-BE54-9A1E7A4F7556}") = "Splitify.Identity.Infrastructure", "src\Services\Identity\Splitify.Identity.Infrastructure\Splitify.Identity.Infrastructure.csproj", "{8744BB46-A26D-465B-BE95-9B36D4DAF06D}"
EndProject
Project("{2150E333-8FDC-42A3-9474-1A3956D46DE8}") = "Apps", "Apps", "{C886E846-A9BD-4258-8240-2C52AD7981F1}"
EndProject
Project("{9A19103F-16F7-4668-BE54-9A1E7A4F7556}") = "Splitify.EmailSender", "src\Apps\Splitify.EmailSender\Splitify.EmailSender.csproj", "{B0A25D63-1898-4793-BF49-D11154589712}"
EndProject
Project("{2150E333-8FDC-42A3-9474-1A3956D46DE8}") = "Statistics", "Statistics", "{F9D55699-66BF-4B5A-A9A8-AEBC390C754C}"
EndProject
Project("{9A19103F-16F7-4668-BE54-9A1E7A4F7556}") = "Splitify.Statistics.Api", "src\Services\Statistics\Splitify.Statistics.Api\Splitify.Statistics.Api.csproj", "{BE77D923-6FB8-4B93-8D18-784244F9B2F5}"
EndProject
Project("{9A19103F-16F7-4668-BE54-9A1E7A4F7556}") = "Splitify.Campaign.UnitTests", "src\Services\Campaign\Splitify.Campaign.UnitTests\Splitify.Campaign.UnitTests.csproj", "{690B2A63-C41D-41F4-BDEB-59A92A87632C}"
EndProject
Global
	GlobalSection(SolutionConfigurationPlatforms) = preSolution
		Debug|Any CPU = Debug|Any CPU
		Release|Any CPU = Release|Any CPU
	EndGlobalSection
	GlobalSection(ProjectConfigurationPlatforms) = postSolution
		{D2B8ED19-65CB-4826-831A-B78A22E67A7B}.Debug|Any CPU.ActiveCfg = Debug|Any CPU
		{D2B8ED19-65CB-4826-831A-B78A22E67A7B}.Debug|Any CPU.Build.0 = Debug|Any CPU
		{D2B8ED19-65CB-4826-831A-B78A22E67A7B}.Release|Any CPU.ActiveCfg = Release|Any CPU
		{D2B8ED19-65CB-4826-831A-B78A22E67A7B}.Release|Any CPU.Build.0 = Release|Any CPU
		{376150E7-F105-4C62-91DD-7D848CD92AB5}.Debug|Any CPU.ActiveCfg = Debug|Any CPU
		{376150E7-F105-4C62-91DD-7D848CD92AB5}.Debug|Any CPU.Build.0 = Debug|Any CPU
		{376150E7-F105-4C62-91DD-7D848CD92AB5}.Release|Any CPU.ActiveCfg = Release|Any CPU
		{376150E7-F105-4C62-91DD-7D848CD92AB5}.Release|Any CPU.Build.0 = Release|Any CPU
		{76769E07-7C23-48A9-A151-11AF13D9938B}.Debug|Any CPU.ActiveCfg = Debug|Any CPU
		{76769E07-7C23-48A9-A151-11AF13D9938B}.Debug|Any CPU.Build.0 = Debug|Any CPU
		{76769E07-7C23-48A9-A151-11AF13D9938B}.Release|Any CPU.ActiveCfg = Release|Any CPU
		{76769E07-7C23-48A9-A151-11AF13D9938B}.Release|Any CPU.Build.0 = Release|Any CPU
		{3172D961-248D-461C-9264-68E2815EC0FE}.Debug|Any CPU.ActiveCfg = Debug|Any CPU
		{3172D961-248D-461C-9264-68E2815EC0FE}.Debug|Any CPU.Build.0 = Debug|Any CPU
		{3172D961-248D-461C-9264-68E2815EC0FE}.Release|Any CPU.ActiveCfg = Release|Any CPU
		{3172D961-248D-461C-9264-68E2815EC0FE}.Release|Any CPU.Build.0 = Release|Any CPU
		{931B5B98-B16C-4798-9AAE-9222D9FAF9F0}.Debug|Any CPU.ActiveCfg = Debug|Any CPU
		{931B5B98-B16C-4798-9AAE-9222D9FAF9F0}.Debug|Any CPU.Build.0 = Debug|Any CPU
		{931B5B98-B16C-4798-9AAE-9222D9FAF9F0}.Release|Any CPU.ActiveCfg = Release|Any CPU
		{931B5B98-B16C-4798-9AAE-9222D9FAF9F0}.Release|Any CPU.Build.0 = Release|Any CPU
		{F8F6BDE5-FEA6-4952-9866-3B69EC5AB4C2}.Debug|Any CPU.ActiveCfg = Debug|Any CPU
		{F8F6BDE5-FEA6-4952-9866-3B69EC5AB4C2}.Debug|Any CPU.Build.0 = Debug|Any CPU
		{F8F6BDE5-FEA6-4952-9866-3B69EC5AB4C2}.Release|Any CPU.ActiveCfg = Release|Any CPU
		{F8F6BDE5-FEA6-4952-9866-3B69EC5AB4C2}.Release|Any CPU.Build.0 = Release|Any CPU
		{20E1B506-A063-48DA-B520-4885F75C1FBB}.Debug|Any CPU.ActiveCfg = Debug|Any CPU
		{20E1B506-A063-48DA-B520-4885F75C1FBB}.Debug|Any CPU.Build.0 = Debug|Any CPU
		{20E1B506-A063-48DA-B520-4885F75C1FBB}.Release|Any CPU.ActiveCfg = Release|Any CPU
		{20E1B506-A063-48DA-B520-4885F75C1FBB}.Release|Any CPU.Build.0 = Release|Any CPU
		{74736343-522F-4B7E-8328-A4551AA301B4}.Debug|Any CPU.ActiveCfg = Debug|Any CPU
		{74736343-522F-4B7E-8328-A4551AA301B4}.Debug|Any CPU.Build.0 = Debug|Any CPU
		{74736343-522F-4B7E-8328-A4551AA301B4}.Release|Any CPU.ActiveCfg = Release|Any CPU
		{74736343-522F-4B7E-8328-A4551AA301B4}.Release|Any CPU.Build.0 = Release|Any CPU
		{9EA1965F-BC90-4ADE-9D90-F4C26EEC09AF}.Debug|Any CPU.ActiveCfg = Debug|Any CPU
		{9EA1965F-BC90-4ADE-9D90-F4C26EEC09AF}.Debug|Any CPU.Build.0 = Debug|Any CPU
		{9EA1965F-BC90-4ADE-9D90-F4C26EEC09AF}.Release|Any CPU.ActiveCfg = Release|Any CPU
		{9EA1965F-BC90-4ADE-9D90-F4C26EEC09AF}.Release|Any CPU.Build.0 = Release|Any CPU
		{1325A594-F73D-44A4-BB7D-F9261A638F00}.Debug|Any CPU.ActiveCfg = Debug|Any CPU
		{1325A594-F73D-44A4-BB7D-F9261A638F00}.Debug|Any CPU.Build.0 = Debug|Any CPU
		{1325A594-F73D-44A4-BB7D-F9261A638F00}.Release|Any CPU.ActiveCfg = Release|Any CPU
		{1325A594-F73D-44A4-BB7D-F9261A638F00}.Release|Any CPU.Build.0 = Release|Any CPU
		{D12AF827-D80B-405D-8744-06FD3DB340F4}.Debug|Any CPU.ActiveCfg = Debug|Any CPU
		{D12AF827-D80B-405D-8744-06FD3DB340F4}.Debug|Any CPU.Build.0 = Debug|Any CPU
		{D12AF827-D80B-405D-8744-06FD3DB340F4}.Release|Any CPU.ActiveCfg = Release|Any CPU
		{D12AF827-D80B-405D-8744-06FD3DB340F4}.Release|Any CPU.Build.0 = Release|Any CPU
		{5781C164-AFF5-47A0-A4F3-82AD24517067}.Debug|Any CPU.ActiveCfg = Debug|Any CPU
		{5781C164-AFF5-47A0-A4F3-82AD24517067}.Debug|Any CPU.Build.0 = Debug|Any CPU
		{5781C164-AFF5-47A0-A4F3-82AD24517067}.Release|Any CPU.ActiveCfg = Release|Any CPU
		{5781C164-AFF5-47A0-A4F3-82AD24517067}.Release|Any CPU.Build.0 = Release|Any CPU
		{6F6883A4-6D61-4F90-B6DB-9A3386232030}.Debug|Any CPU.ActiveCfg = Debug|Any CPU
		{6F6883A4-6D61-4F90-B6DB-9A3386232030}.Debug|Any CPU.Build.0 = Debug|Any CPU
		{6F6883A4-6D61-4F90-B6DB-9A3386232030}.Release|Any CPU.ActiveCfg = Release|Any CPU
		{6F6883A4-6D61-4F90-B6DB-9A3386232030}.Release|Any CPU.Build.0 = Release|Any CPU
		{48B66D7C-18D6-4AAE-BD80-7CB06BF625A0}.Debug|Any CPU.ActiveCfg = Debug|Any CPU
		{48B66D7C-18D6-4AAE-BD80-7CB06BF625A0}.Debug|Any CPU.Build.0 = Debug|Any CPU
		{48B66D7C-18D6-4AAE-BD80-7CB06BF625A0}.Release|Any CPU.ActiveCfg = Release|Any CPU
		{48B66D7C-18D6-4AAE-BD80-7CB06BF625A0}.Release|Any CPU.Build.0 = Release|Any CPU
		{49E5F7A0-8CF4-4BDA-9573-EB03E560640F}.Debug|Any CPU.ActiveCfg = Debug|Any CPU
		{49E5F7A0-8CF4-4BDA-9573-EB03E560640F}.Debug|Any CPU.Build.0 = Debug|Any CPU
		{49E5F7A0-8CF4-4BDA-9573-EB03E560640F}.Release|Any CPU.ActiveCfg = Release|Any CPU
		{49E5F7A0-8CF4-4BDA-9573-EB03E560640F}.Release|Any CPU.Build.0 = Release|Any CPU
		{49A3290E-E322-4CF0-B6E2-0F7B5DBE362B}.Debug|Any CPU.ActiveCfg = Debug|Any CPU
		{49A3290E-E322-4CF0-B6E2-0F7B5DBE362B}.Debug|Any CPU.Build.0 = Debug|Any CPU
		{49A3290E-E322-4CF0-B6E2-0F7B5DBE362B}.Release|Any CPU.ActiveCfg = Release|Any CPU
		{49A3290E-E322-4CF0-B6E2-0F7B5DBE362B}.Release|Any CPU.Build.0 = Release|Any CPU
		{02BD0E6A-9EBD-4949-992F-6A6BAA316485}.Debug|Any CPU.ActiveCfg = Debug|Any CPU
		{02BD0E6A-9EBD-4949-992F-6A6BAA316485}.Debug|Any CPU.Build.0 = Debug|Any CPU
		{02BD0E6A-9EBD-4949-992F-6A6BAA316485}.Release|Any CPU.ActiveCfg = Release|Any CPU
		{02BD0E6A-9EBD-4949-992F-6A6BAA316485}.Release|Any CPU.Build.0 = Release|Any CPU
		{631DCEE5-4FC9-4029-BD20-C42F77B8B831}.Debug|Any CPU.ActiveCfg = Debug|Any CPU
		{631DCEE5-4FC9-4029-BD20-C42F77B8B831}.Debug|Any CPU.Build.0 = Debug|Any CPU
		{631DCEE5-4FC9-4029-BD20-C42F77B8B831}.Release|Any CPU.ActiveCfg = Release|Any CPU
		{631DCEE5-4FC9-4029-BD20-C42F77B8B831}.Release|Any CPU.Build.0 = Release|Any CPU
		{B9DCA7DD-7C94-4D1F-9B2C-1246732DA19C}.Debug|Any CPU.ActiveCfg = Debug|Any CPU
		{B9DCA7DD-7C94-4D1F-9B2C-1246732DA19C}.Debug|Any CPU.Build.0 = Debug|Any CPU
		{B9DCA7DD-7C94-4D1F-9B2C-1246732DA19C}.Release|Any CPU.ActiveCfg = Release|Any CPU
		{B9DCA7DD-7C94-4D1F-9B2C-1246732DA19C}.Release|Any CPU.Build.0 = Release|Any CPU
		{8744BB46-A26D-465B-BE95-9B36D4DAF06D}.Debug|Any CPU.ActiveCfg = Debug|Any CPU
		{8744BB46-A26D-465B-BE95-9B36D4DAF06D}.Debug|Any CPU.Build.0 = Debug|Any CPU
		{8744BB46-A26D-465B-BE95-9B36D4DAF06D}.Release|Any CPU.ActiveCfg = Release|Any CPU
		{8744BB46-A26D-465B-BE95-9B36D4DAF06D}.Release|Any CPU.Build.0 = Release|Any CPU
		{B0A25D63-1898-4793-BF49-D11154589712}.Debug|Any CPU.ActiveCfg = Debug|Any CPU
		{B0A25D63-1898-4793-BF49-D11154589712}.Debug|Any CPU.Build.0 = Debug|Any CPU
		{B0A25D63-1898-4793-BF49-D11154589712}.Release|Any CPU.ActiveCfg = Release|Any CPU
		{B0A25D63-1898-4793-BF49-D11154589712}.Release|Any CPU.Build.0 = Release|Any CPU
		{BE77D923-6FB8-4B93-8D18-784244F9B2F5}.Debug|Any CPU.ActiveCfg = Debug|Any CPU
		{BE77D923-6FB8-4B93-8D18-784244F9B2F5}.Debug|Any CPU.Build.0 = Debug|Any CPU
		{BE77D923-6FB8-4B93-8D18-784244F9B2F5}.Release|Any CPU.ActiveCfg = Release|Any CPU
		{BE77D923-6FB8-4B93-8D18-784244F9B2F5}.Release|Any CPU.Build.0 = Release|Any CPU
		{690B2A63-C41D-41F4-BDEB-59A92A87632C}.Debug|Any CPU.ActiveCfg = Debug|Any CPU
		{690B2A63-C41D-41F4-BDEB-59A92A87632C}.Debug|Any CPU.Build.0 = Debug|Any CPU
		{690B2A63-C41D-41F4-BDEB-59A92A87632C}.Release|Any CPU.ActiveCfg = Release|Any CPU
		{690B2A63-C41D-41F4-BDEB-59A92A87632C}.Release|Any CPU.Build.0 = Release|Any CPU
	EndGlobalSection
	GlobalSection(SolutionProperties) = preSolution
		HideSolutionNode = FALSE
	EndGlobalSection
	GlobalSection(NestedProjects) = preSolution
		{ADD715CE-B84A-4182-89BE-800AF6D143A8} = {E815BD78-837E-4F3F-AE59-91AFBFE2A897}
		{573AB0FC-414B-477E-A97A-22AE0B191520} = {E815BD78-837E-4F3F-AE59-91AFBFE2A897}
		{D2B8ED19-65CB-4826-831A-B78A22E67A7B} = {573AB0FC-414B-477E-A97A-22AE0B191520}
		{E92869A2-9657-4FA9-AD58-E24F051B7D01} = {ADD715CE-B84A-4182-89BE-800AF6D143A8}
		{376150E7-F105-4C62-91DD-7D848CD92AB5} = {E92869A2-9657-4FA9-AD58-E24F051B7D01}
		{76769E07-7C23-48A9-A151-11AF13D9938B} = {E92869A2-9657-4FA9-AD58-E24F051B7D01}
		{3172D961-248D-461C-9264-68E2815EC0FE} = {E92869A2-9657-4FA9-AD58-E24F051B7D01}
		{833A4ED3-CF04-41AB-A9A3-2620B41A25F7} = {E815BD78-837E-4F3F-AE59-91AFBFE2A897}
		{931B5B98-B16C-4798-9AAE-9222D9FAF9F0} = {833A4ED3-CF04-41AB-A9A3-2620B41A25F7}
		{F8F6BDE5-FEA6-4952-9866-3B69EC5AB4C2} = {833A4ED3-CF04-41AB-A9A3-2620B41A25F7}
		{20E1B506-A063-48DA-B520-4885F75C1FBB} = {E92869A2-9657-4FA9-AD58-E24F051B7D01}
		{74736343-522F-4B7E-8328-A4551AA301B4} = {833A4ED3-CF04-41AB-A9A3-2620B41A25F7}
		{9EA1965F-BC90-4ADE-9D90-F4C26EEC09AF} = {E92869A2-9657-4FA9-AD58-E24F051B7D01}
		{81F68E31-CDBD-4D6C-8482-F1A556BECF57} = {ADD715CE-B84A-4182-89BE-800AF6D143A8}
		{1325A594-F73D-44A4-BB7D-F9261A638F00} = {81F68E31-CDBD-4D6C-8482-F1A556BECF57}
		{D12AF827-D80B-405D-8744-06FD3DB340F4} = {81F68E31-CDBD-4D6C-8482-F1A556BECF57}
		{5781C164-AFF5-47A0-A4F3-82AD24517067} = {81F68E31-CDBD-4D6C-8482-F1A556BECF57}
		{6F6883A4-6D61-4F90-B6DB-9A3386232030} = {81F68E31-CDBD-4D6C-8482-F1A556BECF57}
		{67C0B27C-CE2F-4971-8A6A-AE59A9926BAD} = {E815BD78-837E-4F3F-AE59-91AFBFE2A897}
		{48B66D7C-18D6-4AAE-BD80-7CB06BF625A0} = {67C0B27C-CE2F-4971-8A6A-AE59A9926BAD}
		{49E5F7A0-8CF4-4BDA-9573-EB03E560640F} = {573AB0FC-414B-477E-A97A-22AE0B191520}
		{49A3290E-E322-4CF0-B6E2-0F7B5DBE362B} = {67C0B27C-CE2F-4971-8A6A-AE59A9926BAD}
		{98FE3BB0-0762-42F8-9089-DDD303A509B8} = {E92869A2-9657-4FA9-AD58-E24F051B7D01}
		{02BD0E6A-9EBD-4949-992F-6A6BAA316485} = {98FE3BB0-0762-42F8-9089-DDD303A509B8}
		{631DCEE5-4FC9-4029-BD20-C42F77B8B831} = {98FE3BB0-0762-42F8-9089-DDD303A509B8}
		{B9DCA7DD-7C94-4D1F-9B2C-1246732DA19C} = {98FE3BB0-0762-42F8-9089-DDD303A509B8}
		{8744BB46-A26D-465B-BE95-9B36D4DAF06D} = {98FE3BB0-0762-42F8-9089-DDD303A509B8}
		{C886E846-A9BD-4258-8240-2C52AD7981F1} = {E815BD78-837E-4F3F-AE59-91AFBFE2A897}
		{B0A25D63-1898-4793-BF49-D11154589712} = {C886E846-A9BD-4258-8240-2C52AD7981F1}
		{F9D55699-66BF-4B5A-A9A8-AEBC390C754C} = {ADD715CE-B84A-4182-89BE-800AF6D143A8}
		{BE77D923-6FB8-4B93-8D18-784244F9B2F5} = {F9D55699-66BF-4B5A-A9A8-AEBC390C754C}
		{690B2A63-C41D-41F4-BDEB-59A92A87632C} = {81F68E31-CDBD-4D6C-8482-F1A556BECF57}
	EndGlobalSection
	GlobalSection(ExtensibilityGlobals) = postSolution
		SolutionGuid = {026026E1-C7D3-43B3-AFE1-C6A8D16549C1}
	EndGlobalSection
EndGlobal
